
Microsoft Visual Studio Solution File, Format Version 12.00
# Visual Studio Version 17
VisualStudioVersion = 17.10.35013.160
MinimumVisualStudioVersion = 10.0.40219.1
Project("{FAE04EC0-301F-11D3-BF4B-00C04F79EFBC}") = "webMVC", "webMVC\webMVC.csproj", "{B047F96B-B6F0-4264-8398-BA6146511A32}"
EndProject
Global
	GlobalSection(SolutionConfigurationPlatforms) = preSolution
		Debug|Any CPU = Debug|Any CPU
		Release|Any CPU = Release|Any CPU
	EndGlobalSection
	GlobalSection(ProjectConfigurationPlatforms) = postSolution
		{B047F96B-B6F0-4264-8398-BA6146511A32}.Debug|Any CPU.ActiveCfg = Debug|Any CPU
		{B047F96B-B6F0-4264-8398-BA6146511A32}.Debug|Any CPU.Build.0 = Debug|Any CPU
		{B047F96B-B6F0-4264-8398-BA6146511A32}.Release|Any CPU.ActiveCfg = Release|Any CPU
		{B047F96B-B6F0-4264-8398-BA6146511A32}.Release|Any CPU.Build.0 = Release|Any CPU
	EndGlobalSection
	GlobalSection(SolutionProperties) = preSolution
		HideSolutionNode = FALSE
	EndGlobalSection
	GlobalSection(ExtensibilityGlobals) = postSolution
		SolutionGuid = {C4267DAA-4E86-401D-9011-463ABA3C6558}
	EndGlobalSection
EndGlobal
